
Microsoft Visual Studio Solution File, Format Version 12.00
# Visual Studio Version 16
VisualStudioVersion = 16.0.30523.141
MinimumVisualStudioVersion = 10.0.40219.1
Project("{FAE04EC0-301F-11D3-BF4B-00C04F79EFBC}") = "Day3_Part1", "Day3_Part1.csproj", "{BC11F269-D975-4104-B150-E7E7A28265E6}"
EndProject
Global
	GlobalSection(SolutionConfigurationPlatforms) = preSolution
		Debug|Any CPU = Debug|Any CPU
		Release|Any CPU = Release|Any CPU
	EndGlobalSection
	GlobalSection(ProjectConfigurationPlatforms) = postSolution
		{BC11F269-D975-4104-B150-E7E7A28265E6}.Debug|Any CPU.ActiveCfg = Debug|Any CPU
		{BC11F269-D975-4104-B150-E7E7A28265E6}.Debug|Any CPU.Build.0 = Debug|Any CPU
		{BC11F269-D975-4104-B150-E7E7A28265E6}.Release|Any CPU.ActiveCfg = Release|Any CPU
		{BC11F269-D975-4104-B150-E7E7A28265E6}.Release|Any CPU.Build.0 = Release|Any CPU
	EndGlobalSection
	GlobalSection(SolutionProperties) = preSolution
		HideSolutionNode = FALSE
	EndGlobalSection
	GlobalSection(ExtensibilityGlobals) = postSolution
		SolutionGuid = {F2CA8A18-6AB5-48A2-997A-6EF43EBB90BC}
	EndGlobalSection
EndGlobal
