
Microsoft Visual Studio Solution File, Format Version 12.00
# Visual Studio Version 16
VisualStudioVersion = 16.0.30011.22
MinimumVisualStudioVersion = 10.0.40219.1
Project("{8BC9CEB8-8B4A-11D0-8D11-00A0C91BC942}") = "Day1_Part1", "Day1_Part1.vcxproj", "{A9E1C9ED-E208-4428-890C-4AEC5696585D}"
EndProject
Global
	GlobalSection(SolutionConfigurationPlatforms) = preSolution
		Debug|x64 = Debug|x64
		Debug|x86 = Debug|x86
		Release|x64 = Release|x64
		Release|x86 = Release|x86
	EndGlobalSection
	GlobalSection(ProjectConfigurationPlatforms) = postSolution
		{A9E1C9ED-E208-4428-890C-4AEC5696585D}.Debug|x64.ActiveCfg = Debug|x64
		{A9E1C9ED-E208-4428-890C-4AEC5696585D}.Debug|x64.Build.0 = Debug|x64
		{A9E1C9ED-E208-4428-890C-4AEC5696585D}.Debug|x86.ActiveCfg = Debug|Win32
		{A9E1C9ED-E208-4428-890C-4AEC5696585D}.Debug|x86.Build.0 = Debug|Win32
		{A9E1C9ED-E208-4428-890C-4AEC5696585D}.Release|x64.ActiveCfg = Release|x64
		{A9E1C9ED-E208-4428-890C-4AEC5696585D}.Release|x64.Build.0 = Release|x64
		{A9E1C9ED-E208-4428-890C-4AEC5696585D}.Release|x86.ActiveCfg = Release|Win32
		{A9E1C9ED-E208-4428-890C-4AEC5696585D}.Release|x86.Build.0 = Release|Win32
	EndGlobalSection
	GlobalSection(SolutionProperties) = preSolution
		HideSolutionNode = FALSE
	EndGlobalSection
	GlobalSection(ExtensibilityGlobals) = postSolution
		SolutionGuid = {3514E96B-9B48-4437-9250-7E2FF7DE9D9E}
	EndGlobalSection
EndGlobal
