
Microsoft Visual Studio Solution File, Format Version 12.00
# Visual Studio Version 16
VisualStudioVersion = 16.0.30011.22
MinimumVisualStudioVersion = 10.0.40219.1
Project("{FAE04EC0-301F-11D3-BF4B-00C04F79EFBC}") = "Day1_Part2", "Day1_Part2.csproj", "{FA6F50E9-D894-48CC-A970-DD6FB8F79536}"
EndProject
Global
	GlobalSection(SolutionConfigurationPlatforms) = preSolution
		Debug|Any CPU = Debug|Any CPU
		Release|Any CPU = Release|Any CPU
	EndGlobalSection
	GlobalSection(ProjectConfigurationPlatforms) = postSolution
		{FA6F50E9-D894-48CC-A970-DD6FB8F79536}.Debug|Any CPU.ActiveCfg = Debug|Any CPU
		{FA6F50E9-D894-48CC-A970-DD6FB8F79536}.Debug|Any CPU.Build.0 = Debug|Any CPU
		{FA6F50E9-D894-48CC-A970-DD6FB8F79536}.Release|Any CPU.ActiveCfg = Release|Any CPU
		{FA6F50E9-D894-48CC-A970-DD6FB8F79536}.Release|Any CPU.Build.0 = Release|Any CPU
	EndGlobalSection
	GlobalSection(SolutionProperties) = preSolution
		HideSolutionNode = FALSE
	EndGlobalSection
	GlobalSection(ExtensibilityGlobals) = postSolution
		SolutionGuid = {39F8B9BA-0B39-4592-8974-520FBC09B6BD}
	EndGlobalSection
EndGlobal
